// !$*UTF8*$!
{
	archiveVersion = 1;
	classes = {
	};
	objectVersion = 50;
	objects = {

/* Begin PBXBuildFile section */
		3209377822F9545D000E1A07 /* CPULimit.framework in Frameworks */ = {isa = PBXBuildFile; fileRef = 3209376E22F9545D000E1A07 /* CPULimit.framework */; };
		3209377D22F9545D000E1A07 /* CPULimitTests.m in Sources */ = {isa = PBXBuildFile; fileRef = 3209377C22F9545D000E1A07 /* CPULimitTests.m */; };
		3209377F22F9545D000E1A07 /* CPULimit.h in Headers */ = {isa = PBXBuildFile; fileRef = 3209377122F9545D000E1A07 /* CPULimit.h */; settings = {ATTRIBUTES = (Public, ); }; };
		3209379022F95508000E1A07 /* subroutines.h in Headers */ = {isa = PBXBuildFile; fileRef = 3209378822F95508000E1A07 /* subroutines.h */; settings = {ATTRIBUTES = (Public, ); }; };
		3209379122F95508000E1A07 /* selfprofile.h in Headers */ = {isa = PBXBuildFile; fileRef = 3209378922F95508000E1A07 /* selfprofile.h */; settings = {ATTRIBUTES = (Public, ); }; };
		3209379222F95508000E1A07 /* subroutines.c in Sources */ = {isa = PBXBuildFile; fileRef = 3209378A22F95508000E1A07 /* subroutines.c */; };
		3209379322F95508000E1A07 /* app_inspector_c.c in Sources */ = {isa = PBXBuildFile; fileRef = 3209378B22F95508000E1A07 /* app_inspector_c.c */; };
		3209379422F95508000E1A07 /* selfprofile.c in Sources */ = {isa = PBXBuildFile; fileRef = 3209378C22F95508000E1A07 /* selfprofile.c */; };
		3209379522F95508000E1A07 /* app_inspector_c.h in Headers */ = {isa = PBXBuildFile; fileRef = 3209378D22F95508000E1A07 /* app_inspector_c.h */; settings = {ATTRIBUTES = (Public, ); }; };
		3209379622F95508000E1A07 /* proc_cpulim.c in Sources */ = {isa = PBXBuildFile; fileRef = 3209378E22F95508000E1A07 /* proc_cpulim.c */; };
		3209379722F95508000E1A07 /* proc_cpulim.h in Headers */ = {isa = PBXBuildFile; fileRef = 3209378F22F95508000E1A07 /* proc_cpulim.h */; settings = {ATTRIBUTES = (Public, ); }; };
/* End PBXBuildFile section */

/* Begin PBXContainerItemProxy section */
		3209377922F9545D000E1A07 /* PBXContainerItemProxy */ = {
			isa = PBXContainerItemProxy;
			containerPortal = 3209376522F9545D000E1A07 /* Project object */;
			proxyType = 1;
			remoteGlobalIDString = 3209376D22F9545D000E1A07;
			remoteInfo = CPULimit;
		};
/* End PBXContainerItemProxy section */

/* Begin PBXFileReference section */
		3209376E22F9545D000E1A07 /* CPULimit.framework */ = {isa = PBXFileReference; explicitFileType = wrapper.framework; includeInIndex = 0; path = CPULimit.framework; sourceTree = BUILT_PRODUCTS_DIR; };
		3209377122F9545D000E1A07 /* CPULimit.h */ = {isa = PBXFileReference; lastKnownFileType = sourcecode.c.h; path = CPULimit.h; sourceTree = "<group>"; };
		3209377222F9545D000E1A07 /* Info.plist */ = {isa = PBXFileReference; lastKnownFileType = text.plist.xml; path = Info.plist; sourceTree = "<group>"; };
		3209377722F9545D000E1A07 /* CPULimitTests.xctest */ = {isa = PBXFileReference; explicitFileType = wrapper.cfbundle; includeInIndex = 0; path = CPULimitTests.xctest; sourceTree = BUILT_PRODUCTS_DIR; };
		3209377C22F9545D000E1A07 /* CPULimitTests.m */ = {isa = PBXFileReference; lastKnownFileType = sourcecode.c.objc; path = CPULimitTests.m; sourceTree = "<group>"; };
		3209377E22F9545D000E1A07 /* Info.plist */ = {isa = PBXFileReference; lastKnownFileType = text.plist.xml; path = Info.plist; sourceTree = "<group>"; };
		3209378822F95508000E1A07 /* subroutines.h */ = {isa = PBXFileReference; fileEncoding = 4; lastKnownFileType = sourcecode.c.h; path = subroutines.h; sourceTree = "<group>"; };
		3209378922F95508000E1A07 /* selfprofile.h */ = {isa = PBXFileReference; fileEncoding = 4; lastKnownFileType = sourcecode.c.h; path = selfprofile.h; sourceTree = "<group>"; };
		3209378A22F95508000E1A07 /* subroutines.c */ = {isa = PBXFileReference; fileEncoding = 4; lastKnownFileType = sourcecode.c.c; path = subroutines.c; sourceTree = "<group>"; };
		3209378B22F95508000E1A07 /* app_inspector_c.c */ = {isa = PBXFileReference; fileEncoding = 4; lastKnownFileType = sourcecode.c.c; path = app_inspector_c.c; sourceTree = "<group>"; };
		3209378C22F95508000E1A07 /* selfprofile.c */ = {isa = PBXFileReference; fileEncoding = 4; lastKnownFileType = sourcecode.c.c; path = selfprofile.c; sourceTree = "<group>"; };
		3209378D22F95508000E1A07 /* app_inspector_c.h */ = {isa = PBXFileReference; fileEncoding = 4; lastKnownFileType = sourcecode.c.h; path = app_inspector_c.h; sourceTree = "<group>"; };
		3209378E22F95508000E1A07 /* proc_cpulim.c */ = {isa = PBXFileReference; fileEncoding = 4; lastKnownFileType = sourcecode.c.c; path = proc_cpulim.c; sourceTree = "<group>"; };
		3209378F22F95508000E1A07 /* proc_cpulim.h */ = {isa = PBXFileReference; fileEncoding = 4; lastKnownFileType = sourcecode.c.h; path = proc_cpulim.h; sourceTree = "<group>"; };
/* End PBXFileReference section */

/* Begin PBXFrameworksBuildPhase section */
		3209376B22F9545D000E1A07 /* Frameworks */ = {
			isa = PBXFrameworksBuildPhase;
			buildActionMask = 2147483647;
			files = (
			);
			runOnlyForDeploymentPostprocessing = 0;
		};
		3209377422F9545D000E1A07 /* Frameworks */ = {
			isa = PBXFrameworksBuildPhase;
			buildActionMask = 2147483647;
			files = (
				3209377822F9545D000E1A07 /* CPULimit.framework in Frameworks */,
			);
			runOnlyForDeploymentPostprocessing = 0;
		};
/* End PBXFrameworksBuildPhase section */

/* Begin PBXGroup section */
		3209376422F9545D000E1A07 = {
			isa = PBXGroup;
			children = (
				3209377022F9545D000E1A07 /* CPULimit */,
				3209377B22F9545D000E1A07 /* CPULimitTests */,
				3209376F22F9545D000E1A07 /* Products */,
			);
			sourceTree = "<group>";
		};
		3209376F22F9545D000E1A07 /* Products */ = {
			isa = PBXGroup;
			children = (
				3209376E22F9545D000E1A07 /* CPULimit.framework */,
				3209377722F9545D000E1A07 /* CPULimitTests.xctest */,
			);
			name = Products;
			sourceTree = "<group>";
		};
		3209377022F9545D000E1A07 /* CPULimit */ = {
			isa = PBXGroup;
			children = (
				3209378B22F95508000E1A07 /* app_inspector_c.c */,
				3209378D22F95508000E1A07 /* app_inspector_c.h */,
				3209378E22F95508000E1A07 /* proc_cpulim.c */,
				3209378F22F95508000E1A07 /* proc_cpulim.h */,
				3209378C22F95508000E1A07 /* selfprofile.c */,
				3209378922F95508000E1A07 /* selfprofile.h */,
				3209378A22F95508000E1A07 /* subroutines.c */,
				3209378822F95508000E1A07 /* subroutines.h */,
				3209377122F9545D000E1A07 /* CPULimit.h */,
				3209377222F9545D000E1A07 /* Info.plist */,
			);
			path = CPULimit;
			sourceTree = "<group>";
		};
		3209377B22F9545D000E1A07 /* CPULimitTests */ = {
			isa = PBXGroup;
			children = (
				3209377C22F9545D000E1A07 /* CPULimitTests.m */,
				3209377E22F9545D000E1A07 /* Info.plist */,
			);
			path = CPULimitTests;
			sourceTree = "<group>";
		};
/* End PBXGroup section */

/* Begin PBXHeadersBuildPhase section */
		3209376922F9545D000E1A07 /* Headers */ = {
			isa = PBXHeadersBuildPhase;
			buildActionMask = 2147483647;
			files = (
				3209379722F95508000E1A07 /* proc_cpulim.h in Headers */,
				3209379522F95508000E1A07 /* app_inspector_c.h in Headers */,
				3209379022F95508000E1A07 /* subroutines.h in Headers */,
				3209379122F95508000E1A07 /* selfprofile.h in Headers */,
				3209377F22F9545D000E1A07 /* CPULimit.h in Headers */,
			);
			runOnlyForDeploymentPostprocessing = 0;
		};
/* End PBXHeadersBuildPhase section */

/* Begin PBXNativeTarget section */
		3209376D22F9545D000E1A07 /* CPULimit */ = {
			isa = PBXNativeTarget;
			buildConfigurationList = 3209378222F9545D000E1A07 /* Build configuration list for PBXNativeTarget "CPULimit" */;
			buildPhases = (
				3209376922F9545D000E1A07 /* Headers */,
				3209376A22F9545D000E1A07 /* Sources */,
				3209376B22F9545D000E1A07 /* Frameworks */,
				3209376C22F9545D000E1A07 /* Resources */,
			);
			buildRules = (
			);
			dependencies = (
			);
			name = CPULimit;
			productName = CPULimit;
			productReference = 3209376E22F9545D000E1A07 /* CPULimit.framework */;
			productType = "com.apple.product-type.framework";
		};
		3209377622F9545D000E1A07 /* CPULimitTests */ = {
			isa = PBXNativeTarget;
			buildConfigurationList = 3209378522F9545D000E1A07 /* Build configuration list for PBXNativeTarget "CPULimitTests" */;
			buildPhases = (
				3209377322F9545D000E1A07 /* Sources */,
				3209377422F9545D000E1A07 /* Frameworks */,
				3209377522F9545D000E1A07 /* Resources */,
			);
			buildRules = (
			);
			dependencies = (
				3209377A22F9545D000E1A07 /* PBXTargetDependency */,
			);
			name = CPULimitTests;
			productName = CPULimitTests;
			productReference = 3209377722F9545D000E1A07 /* CPULimitTests.xctest */;
			productType = "com.apple.product-type.bundle.unit-test";
		};
/* End PBXNativeTarget section */

/* Begin PBXProject section */
		3209376522F9545D000E1A07 /* Project object */ = {
			isa = PBXProject;
			attributes = {
				LastUpgradeCheck = 1030;
				ORGANIZATIONNAME = sohunjug;
				TargetAttributes = {
					3209376D22F9545D000E1A07 = {
						CreatedOnToolsVersion = 10.3;
					};
					3209377622F9545D000E1A07 = {
						CreatedOnToolsVersion = 10.3;
					};
				};
			};
			buildConfigurationList = 3209376822F9545D000E1A07 /* Build configuration list for PBXProject "CPULimit" */;
			compatibilityVersion = "Xcode 9.3";
			developmentRegion = en;
			hasScannedForEncodings = 0;
			knownRegions = (
				en,
			);
			mainGroup = 3209376422F9545D000E1A07;
			productRefGroup = 3209376F22F9545D000E1A07 /* Products */;
			projectDirPath = "";
			projectRoot = "";
			targets = (
				3209376D22F9545D000E1A07 /* CPULimit */,
				3209377622F9545D000E1A07 /* CPULimitTests */,
			);
		};
/* End PBXProject section */

/* Begin PBXResourcesBuildPhase section */
		3209376C22F9545D000E1A07 /* Resources */ = {
			isa = PBXResourcesBuildPhase;
			buildActionMask = 2147483647;
			files = (
			);
			runOnlyForDeploymentPostprocessing = 0;
		};
		3209377522F9545D000E1A07 /* Resources */ = {
			isa = PBXResourcesBuildPhase;
			buildActionMask = 2147483647;
			files = (
			);
			runOnlyForDeploymentPostprocessing = 0;
		};
/* End PBXResourcesBuildPhase section */

/* Begin PBXSourcesBuildPhase section */
		3209376A22F9545D000E1A07 /* Sources */ = {
			isa = PBXSourcesBuildPhase;
			buildActionMask = 2147483647;
			files = (
				3209379222F95508000E1A07 /* subroutines.c in Sources */,
				3209379422F95508000E1A07 /* selfprofile.c in Sources */,
				3209379322F95508000E1A07 /* app_inspector_c.c in Sources */,
				3209379622F95508000E1A07 /* proc_cpulim.c in Sources */,
			);
			runOnlyForDeploymentPostprocessing = 0;
		};
		3209377322F9545D000E1A07 /* Sources */ = {
			isa = PBXSourcesBuildPhase;
			buildActionMask = 2147483647;
			files = (
				3209377D22F9545D000E1A07 /* CPULimitTests.m in Sources */,
			);
			runOnlyForDeploymentPostprocessing = 0;
		};
/* End PBXSourcesBuildPhase section */

/* Begin PBXTargetDependency section */
		3209377A22F9545D000E1A07 /* PBXTargetDependency */ = {
			isa = PBXTargetDependency;
			target = 3209376D22F9545D000E1A07 /* CPULimit */;
			targetProxy = 3209377922F9545D000E1A07 /* PBXContainerItemProxy */;
		};
/* End PBXTargetDependency section */

/* Begin XCBuildConfiguration section */
		3209378022F9545D000E1A07 /* Debug */ = {
			isa = XCBuildConfiguration;
			buildSettings = {
				ALWAYS_SEARCH_USER_PATHS = NO;
				CLANG_ANALYZER_NONNULL = YES;
				CLANG_ANALYZER_NUMBER_OBJECT_CONVERSION = YES_AGGRESSIVE;
				CLANG_CXX_LANGUAGE_STANDARD = "gnu++14";
				CLANG_CXX_LIBRARY = "libc++";
				CLANG_ENABLE_MODULES = YES;
				CLANG_ENABLE_OBJC_ARC = YES;
				CLANG_ENABLE_OBJC_WEAK = YES;
				CLANG_WARN_BLOCK_CAPTURE_AUTORELEASING = YES;
				CLANG_WARN_BOOL_CONVERSION = YES;
				CLANG_WARN_COMMA = YES;
				CLANG_WARN_CONSTANT_CONVERSION = YES;
				CLANG_WARN_DEPRECATED_OBJC_IMPLEMENTATIONS = YES;
				CLANG_WARN_DIRECT_OBJC_ISA_USAGE = YES_ERROR;
				CLANG_WARN_DOCUMENTATION_COMMENTS = YES;
				CLANG_WARN_EMPTY_BODY = YES;
				CLANG_WARN_ENUM_CONVERSION = YES;
				CLANG_WARN_INFINITE_RECURSION = YES;
				CLANG_WARN_INT_CONVERSION = YES;
				CLANG_WARN_NON_LITERAL_NULL_CONVERSION = YES;
				CLANG_WARN_OBJC_IMPLICIT_RETAIN_SELF = YES;
				CLANG_WARN_OBJC_LITERAL_CONVERSION = YES;
				CLANG_WARN_OBJC_ROOT_CLASS = YES_ERROR;
				CLANG_WARN_RANGE_LOOP_ANALYSIS = YES;
				CLANG_WARN_STRICT_PROTOTYPES = YES;
				CLANG_WARN_SUSPICIOUS_MOVE = YES;
				CLANG_WARN_UNGUARDED_AVAILABILITY = YES_AGGRESSIVE;
				CLANG_WARN_UNREACHABLE_CODE = YES;
				CLANG_WARN__DUPLICATE_METHOD_MATCH = YES;
				CODE_SIGN_IDENTITY = "Mac Developer";
				COPY_PHASE_STRIP = NO;
				CURRENT_PROJECT_VERSION = 1;
				DEBUG_INFORMATION_FORMAT = dwarf;
				ENABLE_STRICT_OBJC_MSGSEND = YES;
				ENABLE_TESTABILITY = YES;
				GCC_C_LANGUAGE_STANDARD = gnu11;
				GCC_DYNAMIC_NO_PIC = NO;
				GCC_NO_COMMON_BLOCKS = YES;
				GCC_OPTIMIZATION_LEVEL = 0;
				GCC_PREPROCESSOR_DEFINITIONS = (
					"DEBUG=1",
					"$(inherited)",
				);
				GCC_WARN_64_TO_32_BIT_CONVERSION = YES;
				GCC_WARN_ABOUT_RETURN_TYPE = YES_ERROR;
				GCC_WARN_UNDECLARED_SELECTOR = YES;
				GCC_WARN_UNINITIALIZED_AUTOS = YES_AGGRESSIVE;
				GCC_WARN_UNUSED_FUNCTION = YES;
				GCC_WARN_UNUSED_VARIABLE = YES;
				MACOSX_DEPLOYMENT_TARGET = 10.14;
				MTL_ENABLE_DEBUG_INFO = INCLUDE_SOURCE;
				MTL_FAST_MATH = YES;
				ONLY_ACTIVE_ARCH = YES;
				SDKROOT = macosx;
				VERSIONING_SYSTEM = "apple-generic";
				VERSION_INFO_PREFIX = "";
			};
			name = Debug;
		};
		3209378122F9545D000E1A07 /* Release */ = {
			isa = XCBuildConfiguration;
			buildSettings = {
				ALWAYS_SEARCH_USER_PATHS = NO;
				CLANG_ANALYZER_NONNULL = YES;
				CLANG_ANALYZER_NUMBER_OBJECT_CONVERSION = YES_AGGRESSIVE;
				CLANG_CXX_LANGUAGE_STANDARD = "gnu++14";
				CLANG_CXX_LIBRARY = "libc++";
				CLANG_ENABLE_MODULES = YES;
				CLANG_ENABLE_OBJC_ARC = YES;
				CLANG_ENABLE_OBJC_WEAK = YES;
				CLANG_WARN_BLOCK_CAPTURE_AUTORELEASING = YES;
				CLANG_WARN_BOOL_CONVERSION = YES;
				CLANG_WARN_COMMA = YES;
				CLANG_WARN_CONSTANT_CONVERSION = YES;
				CLANG_WARN_DEPRECATED_OBJC_IMPLEMENTATIONS = YES;
				CLANG_WARN_DIRECT_OBJC_ISA_USAGE = YES_ERROR;
				CLANG_WARN_DOCUMENTATION_COMMENTS = YES;
				CLANG_WARN_EMPTY_BODY = YES;
				CLANG_WARN_ENUM_CONVERSION = YES;
				CLANG_WARN_INFINITE_RECURSION = YES;
				CLANG_WARN_INT_CONVERSION = YES;
				CLANG_WARN_NON_LITERAL_NULL_CONVERSION = YES;
				CLANG_WARN_OBJC_IMPLICIT_RETAIN_SELF = YES;
				CLANG_WARN_OBJC_LITERAL_CONVERSION = YES;
				CLANG_WARN_OBJC_ROOT_CLASS = YES_ERROR;
				CLANG_WARN_RANGE_LOOP_ANALYSIS = YES;
				CLANG_WARN_STRICT_PROTOTYPES = YES;
				CLANG_WARN_SUSPICIOUS_MOVE = YES;
				CLANG_WARN_UNGUARDED_AVAILABILITY = YES_AGGRESSIVE;
				CLANG_WARN_UNREACHABLE_CODE = YES;
				CLANG_WARN__DUPLICATE_METHOD_MATCH = YES;
				CODE_SIGN_IDENTITY = "Mac Developer";
				COPY_PHASE_STRIP = NO;
				CURRENT_PROJECT_VERSION = 1;
				DEBUG_INFORMATION_FORMAT = "dwarf-with-dsym";
				ENABLE_NS_ASSERTIONS = NO;
				ENABLE_STRICT_OBJC_MSGSEND = YES;
				GCC_C_LANGUAGE_STANDARD = gnu11;
				GCC_NO_COMMON_BLOCKS = YES;
				GCC_WARN_64_TO_32_BIT_CONVERSION = YES;
				GCC_WARN_ABOUT_RETURN_TYPE = YES_ERROR;
				GCC_WARN_UNDECLARED_SELECTOR = YES;
				GCC_WARN_UNINITIALIZED_AUTOS = YES_AGGRESSIVE;
				GCC_WARN_UNUSED_FUNCTION = YES;
				GCC_WARN_UNUSED_VARIABLE = YES;
				MACOSX_DEPLOYMENT_TARGET = 10.14;
				MTL_ENABLE_DEBUG_INFO = NO;
				MTL_FAST_MATH = YES;
				SDKROOT = macosx;
				VERSIONING_SYSTEM = "apple-generic";
				VERSION_INFO_PREFIX = "";
			};
			name = Release;
		};
		3209378322F9545D000E1A07 /* Debug */ = {
			isa = XCBuildConfiguration;
			buildSettings = {
				CODE_SIGN_IDENTITY = "";
				CODE_SIGN_STYLE = Automatic;
				COMBINE_HIDPI_IMAGES = YES;
				DEFINES_MODULE = YES;
				DEVELOPMENT_TEAM = GQ9JK4LVD7;
				DYLIB_COMPATIBILITY_VERSION = 1;
				DYLIB_CURRENT_VERSION = 1;
				DYLIB_INSTALL_NAME_BASE = "@rpath";
				FRAMEWORK_VERSION = A;
				INFOPLIST_FILE = CPULimit/Info.plist;
				INSTALL_PATH = "$(LOCAL_LIBRARY_DIR)/Frameworks";
				LD_RUNPATH_SEARCH_PATHS = (
					"$(inherited)",
					"@executable_path/../Frameworks",
					"@loader_path/Frameworks",
				);
				MACOSX_DEPLOYMENT_TARGET = 10.6;
				PRODUCT_BUNDLE_IDENTIFIER = com.sohunjug.CPULimit;
				PRODUCT_NAME = "$(TARGET_NAME:c99extidentifier)";
				SKIP_INSTALL = YES;
			};
			name = Debug;
		};
		3209378422F9545D000E1A07 /* Release */ = {
			isa = XCBuildConfiguration;
			buildSettings = {
				CODE_SIGN_IDENTITY = "";
				CODE_SIGN_STYLE = Automatic;
				COMBINE_HIDPI_IMAGES = YES;
				DEFINES_MODULE = YES;
				DEVELOPMENT_TEAM = GQ9JK4LVD7;
				DYLIB_COMPATIBILITY_VERSION = 1;
				DYLIB_CURRENT_VERSION = 1;
				DYLIB_INSTALL_NAME_BASE = "@rpath";
				FRAMEWORK_VERSION = A;
				INFOPLIST_FILE = CPULimit/Info.plist;
				INSTALL_PATH = "$(LOCAL_LIBRARY_DIR)/Frameworks";
				LD_RUNPATH_SEARCH_PATHS = (
					"$(inherited)",
					"@executable_path/../Frameworks",
					"@loader_path/Frameworks",
				);
				MACOSX_DEPLOYMENT_TARGET = 10.6;
				PRODUCT_BUNDLE_IDENTIFIER = com.sohunjug.CPULimit;
				PRODUCT_NAME = "$(TARGET_NAME:c99extidentifier)";
				SKIP_INSTALL = YES;
			};
			name = Release;
		};
		3209378622F9545D000E1A07 /* Debug */ = {
			isa = XCBuildConfiguration;
			buildSettings = {
				CODE_SIGN_STYLE = Automatic;
				COMBINE_HIDPI_IMAGES = YES;
				DEVELOPMENT_TEAM = GQ9JK4LVD7;
				INFOPLIST_FILE = CPULimitTests/Info.plist;
				LD_RUNPATH_SEARCH_PATHS = (
					"$(inherited)",
					"@executable_path/../Frameworks",
					"@loader_path/../Frameworks",
				);
				PRODUCT_BUNDLE_IDENTIFIER = com.sohunjug.CPULimitTests;
				PRODUCT_NAME = "$(TARGET_NAME)";
			};
			name = Debug;
		};
		3209378722F9545D000E1A07 /* Release */ = {
			isa = XCBuildConfiguration;
			buildSettings = {
				CODE_SIGN_STYLE = Automatic;
				COMBINE_HIDPI_IMAGES = YES;
				DEVELOPMENT_TEAM = GQ9JK4LVD7;
				INFOPLIST_FILE = CPULimitTests/Info.plist;
				LD_RUNPATH_SEARCH_PATHS = (
					"$(inherited)",
					"@executable_path/../Frameworks",
					"@loader_path/../Frameworks",
				);
				PRODUCT_BUNDLE_IDENTIFIER = com.sohunjug.CPULimitTests;
				PRODUCT_NAME = "$(TARGET_NAME)";
			};
			name = Release;
		};
/* End XCBuildConfiguration section */

/* Begin XCConfigurationList section */
		3209376822F9545D000E1A07 /* Build configuration list for PBXProject "CPULimit" */ = {
			isa = XCConfigurationList;
			buildConfigurations = (
				3209378022F9545D000E1A07 /* Debug */,
				3209378122F9545D000E1A07 /* Release */,
			);
			defaultConfigurationIsVisible = 0;
			defaultConfigurationName = Release;
		};
		3209378222F9545D000E1A07 /* Build configuration list for PBXNativeTarget "CPULimit" */ = {
			isa = XCConfigurationList;
			buildConfigurations = (
				3209378322F9545D000E1A07 /* Debug */,
				3209378422F9545D000E1A07 /* Release */,
			);
			defaultConfigurationIsVisible = 0;
			defaultConfigurationName = Release;
		};
		3209378522F9545D000E1A07 /* Build configuration list for PBXNativeTarget "CPULimitTests" */ = {
			isa = XCConfigurationList;
			buildConfigurations = (
				3209378622F9545D000E1A07 /* Debug */,
				3209378722F9545D000E1A07 /* Release */,
			);
			defaultConfigurationIsVisible = 0;
			defaultConfigurationName = Release;
		};
/* End XCConfigurationList section */
	};
	rootObject = 3209376522F9545D000E1A07 /* Project object */;
}
